// !$*UTF8*$!
{
	archiveVersion = 1;
	classes = {
	};
	objectVersion = 50;
	objects = {

/* Begin PBXBuildFile section */
		A72B419524C915A800E6901A /* UI_FitnessDiariesAppApp.swift in Sources */ = {isa = PBXBuildFile; fileRef = A72B419424C915A800E6901A /* UI_FitnessDiariesAppApp.swift */; };
		A72B419724C915A800E6901A /* ContentView.swift in Sources */ = {isa = PBXBuildFile; fileRef = A72B419624C915A800E6901A /* ContentView.swift */; };
		A72B419924C915A900E6901A /* Assets.xcassets in Resources */ = {isa = PBXBuildFile; fileRef = A72B419824C915A900E6901A /* Assets.xcassets */; };
		A72B419C24C915A900E6901A /* Preview Assets.xcassets in Resources */ = {isa = PBXBuildFile; fileRef = A72B419B24C915A900E6901A /* Preview Assets.xcassets */; };
		A72B41A424C915BA00E6901A /* MainView.swift in Sources */ = {isa = PBXBuildFile; fileRef = A72B41A324C915BA00E6901A /* MainView.swift */; };
		A72B41A624C9172900E6901A /* TabBarView.swift in Sources */ = {isa = PBXBuildFile; fileRef = A72B41A524C9172900E6901A /* TabBarView.swift */; };
		A72B41A824C9D96800E6901A /* CircleButtonView.swift in Sources */ = {isa = PBXBuildFile; fileRef = A72B41A724C9D96800E6901A /* CircleButtonView.swift */; };
		A72B41AA24CA017300E6901A /* HomeView.swift in Sources */ = {isa = PBXBuildFile; fileRef = A72B41A924CA017300E6901A /* HomeView.swift */; };
		A72B41AD24CA051100E6901A /* TitleWithMoreView.swift in Sources */ = {isa = PBXBuildFile; fileRef = A72B41AC24CA051100E6901A /* TitleWithMoreView.swift */; };
		A72B41AF24CA0E4D00E6901A /* RoundedCornersShape.swift in Sources */ = {isa = PBXBuildFile; fileRef = A72B41AE24CA0E4D00E6901A /* RoundedCornersShape.swift */; };
		A72B41B124CA0E7E00E6901A /* DietStatsView.swift in Sources */ = {isa = PBXBuildFile; fileRef = A72B41B024CA0E7E00E6901A /* DietStatsView.swift */; };
		A72B41B324CA274C00E6901A /* HorizontalProgressBarView.swift in Sources */ = {isa = PBXBuildFile; fileRef = A72B41B224CA274C00E6901A /* HorizontalProgressBarView.swift */; };
		A72B41B524CA312000E6901A /* MealsCardView.swift in Sources */ = {isa = PBXBuildFile; fileRef = A72B41B424CA312000E6901A /* MealsCardView.swift */; };
		A72B41B724CA3CA500E6901A /* DayChooserView.swift in Sources */ = {isa = PBXBuildFile; fileRef = A72B41B624CA3CA500E6901A /* DayChooserView.swift */; };
		A72B41BA24CA3F5400E6901A /* DateExtension.swift in Sources */ = {isa = PBXBuildFile; fileRef = A72B41B924CA3F5400E6901A /* DateExtension.swift */; };
		A72B41BC24CA480500E6901A /* BackCardView.swift in Sources */ = {isa = PBXBuildFile; fileRef = A72B41BB24CA480500E6901A /* BackCardView.swift */; };
		A72B41BE24CA49A600E6901A /* BodyMeasurementView.swift in Sources */ = {isa = PBXBuildFile; fileRef = A72B41BD24CA49A600E6901A /* BodyMeasurementView.swift */; };
		A72B41C024CA531B00E6901A /* WaterCardView.swift in Sources */ = {isa = PBXBuildFile; fileRef = A72B41BF24CA531B00E6901A /* WaterCardView.swift */; };
		A72B41C224CA585F00E6901A /* VerticalWaterPillView.swift in Sources */ = {isa = PBXBuildFile; fileRef = A72B41C124CA585F00E6901A /* VerticalWaterPillView.swift */; };
		A76031AE24CA71D30063E13D /* InformationMessageView.swift in Sources */ = {isa = PBXBuildFile; fileRef = A76031AD24CA71D30063E13D /* InformationMessageView.swift */; };
		A76031B024CA762C0063E13D /* RunView.swift in Sources */ = {isa = PBXBuildFile; fileRef = A76031AF24CA762C0063E13D /* RunView.swift */; };
		A76031B224CB32650063E13D /* BackSimpleCardView.swift in Sources */ = {isa = PBXBuildFile; fileRef = A76031B124CB32650063E13D /* BackSimpleCardView.swift */; };
		A76031B424CB34660063E13D /* BackSimpleCardViewWithCustomBack.swift in Sources */ = {isa = PBXBuildFile; fileRef = A76031B324CB34660063E13D /* BackSimpleCardViewWithCustomBack.swift */; };
		A76031B624CB616E0063E13D /* AnimationExtension.swift in Sources */ = {isa = PBXBuildFile; fileRef = A76031B524CB616E0063E13D /* AnimationExtension.swift */; };
		A76031BC24CB64600063E13D /* README.md in Resources */ = {isa = PBXBuildFile; fileRef = A76031BB24CB64600063E13D /* README.md */; };
/* End PBXBuildFile section */

/* Begin PBXFileReference section */
		A72B419124C915A800E6901A /* UI-FitnessDiariesApp.app */ = {isa = PBXFileReference; explicitFileType = wrapper.application; includeInIndex = 0; path = "UI-FitnessDiariesApp.app"; sourceTree = BUILT_PRODUCTS_DIR; };
		A72B419424C915A800E6901A /* UI_FitnessDiariesAppApp.swift */ = {isa = PBXFileReference; lastKnownFileType = sourcecode.swift; path = UI_FitnessDiariesAppApp.swift; sourceTree = "<group>"; };
		A72B419624C915A800E6901A /* ContentView.swift */ = {isa = PBXFileReference; lastKnownFileType = sourcecode.swift; path = ContentView.swift; sourceTree = "<group>"; };
		A72B419824C915A900E6901A /* Assets.xcassets */ = {isa = PBXFileReference; lastKnownFileType = folder.assetcatalog; path = Assets.xcassets; sourceTree = "<group>"; };
		A72B419B24C915A900E6901A /* Preview Assets.xcassets */ = {isa = PBXFileReference; lastKnownFileType = folder.assetcatalog; path = "Preview Assets.xcassets"; sourceTree = "<group>"; };
		A72B419D24C915A900E6901A /* Info.plist */ = {isa = PBXFileReference; lastKnownFileType = text.plist.xml; path = Info.plist; sourceTree = "<group>"; };
		A72B41A324C915BA00E6901A /* MainView.swift */ = {isa = PBXFileReference; lastKnownFileType = sourcecode.swift; path = MainView.swift; sourceTree = "<group>"; };
		A72B41A524C9172900E6901A /* TabBarView.swift */ = {isa = PBXFileReference; lastKnownFileType = sourcecode.swift; path = TabBarView.swift; sourceTree = "<group>"; };
		A72B41A724C9D96800E6901A /* CircleButtonView.swift */ = {isa = PBXFileReference; lastKnownFileType = sourcecode.swift; path = CircleButtonView.swift; sourceTree = "<group>"; };
		A72B41A924CA017300E6901A /* HomeView.swift */ = {isa = PBXFileReference; lastKnownFileType = sourcecode.swift; path = HomeView.swift; sourceTree = "<group>"; };
		A72B41AC24CA051100E6901A /* TitleWithMoreView.swift */ = {isa = PBXFileReference; lastKnownFileType = sourcecode.swift; path = TitleWithMoreView.swift; sourceTree = "<group>"; };
		A72B41AE24CA0E4D00E6901A /* RoundedCornersShape.swift */ = {isa = PBXFileReference; lastKnownFileType = sourcecode.swift; path = RoundedCornersShape.swift; sourceTree = "<group>"; };
		A72B41B024CA0E7E00E6901A /* DietStatsView.swift */ = {isa = PBXFileReference; lastKnownFileType = sourcecode.swift; path = DietStatsView.swift; sourceTree = "<group>"; };
		A72B41B224CA274C00E6901A /* HorizontalProgressBarView.swift */ = {isa = PBXFileReference; lastKnownFileType = sourcecode.swift; path = HorizontalProgressBarView.swift; sourceTree = "<group>"; };
		A72B41B424CA312000E6901A /* MealsCardView.swift */ = {isa = PBXFileReference; lastKnownFileType = sourcecode.swift; path = MealsCardView.swift; sourceTree = "<group>"; };
		A72B41B624CA3CA500E6901A /* DayChooserView.swift */ = {isa = PBXFileReference; lastKnownFileType = sourcecode.swift; path = DayChooserView.swift; sourceTree = "<group>"; };
		A72B41B924CA3F5400E6901A /* DateExtension.swift */ = {isa = PBXFileReference; lastKnownFileType = sourcecode.swift; path = DateExtension.swift; sourceTree = "<group>"; };
		A72B41BB24CA480500E6901A /* BackCardView.swift */ = {isa = PBXFileReference; lastKnownFileType = sourcecode.swift; path = BackCardView.swift; sourceTree = "<group>"; };
		A72B41BD24CA49A600E6901A /* BodyMeasurementView.swift */ = {isa = PBXFileReference; lastKnownFileType = sourcecode.swift; path = BodyMeasurementView.swift; sourceTree = "<group>"; };
		A72B41BF24CA531B00E6901A /* WaterCardView.swift */ = {isa = PBXFileReference; lastKnownFileType = sourcecode.swift; path = WaterCardView.swift; sourceTree = "<group>"; };
		A72B41C124CA585F00E6901A /* VerticalWaterPillView.swift */ = {isa = PBXFileReference; lastKnownFileType = sourcecode.swift; path = VerticalWaterPillView.swift; sourceTree = "<group>"; };
		A76031AD24CA71D30063E13D /* InformationMessageView.swift */ = {isa = PBXFileReference; lastKnownFileType = sourcecode.swift; path = InformationMessageView.swift; sourceTree = "<group>"; };
		A76031AF24CA762C0063E13D /* RunView.swift */ = {isa = PBXFileReference; lastKnownFileType = sourcecode.swift; path = RunView.swift; sourceTree = "<group>"; };
		A76031B124CB32650063E13D /* BackSimpleCardView.swift */ = {isa = PBXFileReference; lastKnownFileType = sourcecode.swift; path = BackSimpleCardView.swift; sourceTree = "<group>"; };
		A76031B324CB34660063E13D /* BackSimpleCardViewWithCustomBack.swift */ = {isa = PBXFileReference; lastKnownFileType = sourcecode.swift; path = BackSimpleCardViewWithCustomBack.swift; sourceTree = "<group>"; };
		A76031B524CB616E0063E13D /* AnimationExtension.swift */ = {isa = PBXFileReference; lastKnownFileType = sourcecode.swift; path = AnimationExtension.swift; sourceTree = "<group>"; };
		A76031BB24CB64600063E13D /* README.md */ = {isa = PBXFileReference; fileEncoding = 4; lastKnownFileType = net.daringfireball.markdown; path = README.md; sourceTree = SOURCE_ROOT; };
/* End PBXFileReference section */

/* Begin PBXFrameworksBuildPhase section */
		A72B418E24C915A800E6901A /* Frameworks */ = {
			isa = PBXFrameworksBuildPhase;
			buildActionMask = 2147483647;
			files = (
			);
			runOnlyForDeploymentPostprocessing = 0;
		};
/* End PBXFrameworksBuildPhase section */

/* Begin PBXGroup section */
		A72B418824C915A800E6901A = {
			isa = PBXGroup;
			children = (
				A72B419324C915A800E6901A /* UI-FitnessDiariesApp */,
				A72B419224C915A800E6901A /* Products */,
			);
			sourceTree = "<group>";
		};
		A72B419224C915A800E6901A /* Products */ = {
			isa = PBXGroup;
			children = (
				A72B419124C915A800E6901A /* UI-FitnessDiariesApp.app */,
			);
			name = Products;
			sourceTree = "<group>";
		};
		A72B419324C915A800E6901A /* UI-FitnessDiariesApp */ = {
			isa = PBXGroup;
			children = (
				A76031BB24CB64600063E13D /* README.md */,
				A72B41B824CA3F4300E6901A /* Extensions */,
				A72B41AB24CA04FC00E6901A /* Components */,
				A76031B824CB620C0063E13D /* Views */,
				A72B419424C915A800E6901A /* UI_FitnessDiariesAppApp.swift */,
				A72B419824C915A900E6901A /* Assets.xcassets */,
				A72B419D24C915A900E6901A /* Info.plist */,
				A72B419A24C915A900E6901A /* Preview Content */,
			);
			path = "UI-FitnessDiariesApp";
			sourceTree = "<group>";
		};
		A72B419A24C915A900E6901A /* Preview Content */ = {
			isa = PBXGroup;
			children = (
				A72B419B24C915A900E6901A /* Preview Assets.xcassets */,
			);
			path = "Preview Content";
			sourceTree = "<group>";
		};
		A72B41AB24CA04FC00E6901A /* Components */ = {
			isa = PBXGroup;
			children = (
				A76031BA24CB62640063E13D /* Shapes */,
				A76031B724CB61D80063E13D /* Frames */,
				A72B41A724C9D96800E6901A /* CircleButtonView.swift */,
				A72B41B224CA274C00E6901A /* HorizontalProgressBarView.swift */,
				A72B41AC24CA051100E6901A /* TitleWithMoreView.swift */,
				A72B41B624CA3CA500E6901A /* DayChooserView.swift */,
				A72B41C124CA585F00E6901A /* VerticalWaterPillView.swift */,
				A76031AD24CA71D30063E13D /* InformationMessageView.swift */,
				A72B41B424CA312000E6901A /* MealsCardView.swift */,
				A72B41BF24CA531B00E6901A /* WaterCardView.swift */,
				A72B41BD24CA49A600E6901A /* BodyMeasurementView.swift */,
				A72B41B024CA0E7E00E6901A /* DietStatsView.swift */,
			);
			name = Components;
			sourceTree = "<group>";
		};
		A72B41B824CA3F4300E6901A /* Extensions */ = {
			isa = PBXGroup;
			children = (
				A72B41B924CA3F5400E6901A /* DateExtension.swift */,
				A76031B524CB616E0063E13D /* AnimationExtension.swift */,
			);
			name = Extensions;
			sourceTree = "<group>";
		};
		A76031B724CB61D80063E13D /* Frames */ = {
			isa = PBXGroup;
			children = (
				A72B41BB24CA480500E6901A /* BackCardView.swift */,
				A76031B124CB32650063E13D /* BackSimpleCardView.swift */,
				A76031B324CB34660063E13D /* BackSimpleCardViewWithCustomBack.swift */,
			);
			path = Frames;
			sourceTree = "<group>";
		};
		A76031B824CB620C0063E13D /* Views */ = {
			isa = PBXGroup;
			children = (
				A72B419624C915A800E6901A /* ContentView.swift */,
				A72B41A324C915BA00E6901A /* MainView.swift */,
				A72B41A924CA017300E6901A /* HomeView.swift */,
				A76031AF24CA762C0063E13D /* RunView.swift */,
				A72B41A524C9172900E6901A /* TabBarView.swift */,
			);
			path = Views;
			sourceTree = "<group>";
		};
		A76031BA24CB62640063E13D /* Shapes */ = {
			isa = PBXGroup;
			children = (
				A72B41AE24CA0E4D00E6901A /* RoundedCornersShape.swift */,
			);
			name = Shapes;
			sourceTree = "<group>";
		};
/* End PBXGroup section */

/* Begin PBXNativeTarget section */
		A72B419024C915A800E6901A /* UI-FitnessDiariesApp */ = {
			isa = PBXNativeTarget;
			buildConfigurationList = A72B41A024C915A900E6901A /* Build configuration list for PBXNativeTarget "UI-FitnessDiariesApp" */;
			buildPhases = (
				A72B418D24C915A800E6901A /* Sources */,
				A72B418E24C915A800E6901A /* Frameworks */,
				A72B418F24C915A800E6901A /* Resources */,
			);
			buildRules = (
			);
			dependencies = (
			);
			name = "UI-FitnessDiariesApp";
			productName = "UI-FitnessDiariesApp";
			productReference = A72B419124C915A800E6901A /* UI-FitnessDiariesApp.app */;
			productType = "com.apple.product-type.application";
		};
/* End PBXNativeTarget section */

/* Begin PBXProject section */
		A72B418924C915A800E6901A /* Project object */ = {
			isa = PBXProject;
			attributes = {
				LastSwiftUpdateCheck = 1200;
				LastUpgradeCheck = 1200;
				TargetAttributes = {
					A72B419024C915A800E6901A = {
						CreatedOnToolsVersion = 12.0;
					};
				};
			};
			buildConfigurationList = A72B418C24C915A800E6901A /* Build configuration list for PBXProject "UI-FitnessDiariesApp" */;
			compatibilityVersion = "Xcode 9.3";
			developmentRegion = en;
			hasScannedForEncodings = 0;
			knownRegions = (
				en,
				Base,
			);
			mainGroup = A72B418824C915A800E6901A;
			productRefGroup = A72B419224C915A800E6901A /* Products */;
			projectDirPath = "";
			projectRoot = "";
			targets = (
				A72B419024C915A800E6901A /* UI-FitnessDiariesApp */,
			);
		};
/* End PBXProject section */

/* Begin PBXResourcesBuildPhase section */
		A72B418F24C915A800E6901A /* Resources */ = {
			isa = PBXResourcesBuildPhase;
			buildActionMask = 2147483647;
			files = (
				A76031BC24CB64600063E13D /* README.md in Resources */,
				A72B419C24C915A900E6901A /* Preview Assets.xcassets in Resources */,
				A72B419924C915A900E6901A /* Assets.xcassets in Resources */,
			);
			runOnlyForDeploymentPostprocessing = 0;
		};
/* End PBXResourcesBuildPhase section */

/* Begin PBXSourcesBuildPhase section */
		A72B418D24C915A800E6901A /* Sources */ = {
			isa = PBXSourcesBuildPhase;
			buildActionMask = 2147483647;
			files = (
				A72B41BE24CA49A600E6901A /* BodyMeasurementView.swift in Sources */,
				A72B41A824C9D96800E6901A /* CircleButtonView.swift in Sources */,
				A72B419724C915A800E6901A /* ContentView.swift in Sources */,
				A72B41B124CA0E7E00E6901A /* DietStatsView.swift in Sources */,
				A76031B024CA762C0063E13D /* RunView.swift in Sources */,
				A76031B424CB34660063E13D /* BackSimpleCardViewWithCustomBack.swift in Sources */,
				A72B41B524CA312000E6901A /* MealsCardView.swift in Sources */,
				A72B41AF24CA0E4D00E6901A /* RoundedCornersShape.swift in Sources */,
				A76031B224CB32650063E13D /* BackSimpleCardView.swift in Sources */,
				A72B41C024CA531B00E6901A /* WaterCardView.swift in Sources */,
				A72B41BC24CA480500E6901A /* BackCardView.swift in Sources */,
				A72B41C224CA585F00E6901A /* VerticalWaterPillView.swift in Sources */,
				A76031B624CB616E0063E13D /* AnimationExtension.swift in Sources */,
				A72B41BA24CA3F5400E6901A /* DateExtension.swift in Sources */,
				A72B41A424C915BA00E6901A /* MainView.swift in Sources */,
				A76031AE24CA71D30063E13D /* InformationMessageView.swift in Sources */,
				A72B41B324CA274C00E6901A /* HorizontalProgressBarView.swift in Sources */,
				A72B41AA24CA017300E6901A /* HomeView.swift in Sources */,
				A72B41B724CA3CA500E6901A /* DayChooserView.swift in Sources */,
				A72B41A624C9172900E6901A /* TabBarView.swift in Sources */,
				A72B41AD24CA051100E6901A /* TitleWithMoreView.swift in Sources */,
				A72B419524C915A800E6901A /* UI_FitnessDiariesAppApp.swift in Sources */,
			);
			runOnlyForDeploymentPostprocessing = 0;
		};
/* End PBXSourcesBuildPhase section */

/* Begin XCBuildConfiguration section */
		A72B419E24C915A900E6901A /* Debug */ = {
			isa = XCBuildConfiguration;
			buildSettings = {
				ALWAYS_SEARCH_USER_PATHS = NO;
				CLANG_ANALYZER_NONNULL = YES;
				CLANG_ANALYZER_NUMBER_OBJECT_CONVERSION = YES_AGGRESSIVE;
				CLANG_CXX_LANGUAGE_STANDARD = "gnu++14";
				CLANG_CXX_LIBRARY = "libc++";
				CLANG_ENABLE_MODULES = YES;
				CLANG_ENABLE_OBJC_ARC = YES;
				CLANG_ENABLE_OBJC_WEAK = YES;
				CLANG_WARN_BLOCK_CAPTURE_AUTORELEASING = YES;
				CLANG_WARN_BOOL_CONVERSION = YES;
				CLANG_WARN_COMMA = YES;
				CLANG_WARN_CONSTANT_CONVERSION = YES;
				CLANG_WARN_DEPRECATED_OBJC_IMPLEMENTATIONS = YES;
				CLANG_WARN_DIRECT_OBJC_ISA_USAGE = YES_ERROR;
				CLANG_WARN_DOCUMENTATION_COMMENTS = YES;
				CLANG_WARN_EMPTY_BODY = YES;
				CLANG_WARN_ENUM_CONVERSION = YES;
				CLANG_WARN_INFINITE_RECURSION = YES;
				CLANG_WARN_INT_CONVERSION = YES;
				CLANG_WARN_NON_LITERAL_NULL_CONVERSION = YES;
				CLANG_WARN_OBJC_IMPLICIT_RETAIN_SELF = YES;
				CLANG_WARN_OBJC_LITERAL_CONVERSION = YES;
				CLANG_WARN_OBJC_ROOT_CLASS = YES_ERROR;
				CLANG_WARN_QUOTED_INCLUDE_IN_FRAMEWORK_HEADER = YES;
				CLANG_WARN_RANGE_LOOP_ANALYSIS = YES;
				CLANG_WARN_STRICT_PROTOTYPES = YES;
				CLANG_WARN_SUSPICIOUS_MOVE = YES;
				CLANG_WARN_UNGUARDED_AVAILABILITY = YES_AGGRESSIVE;
				CLANG_WARN_UNREACHABLE_CODE = YES;
				CLANG_WARN__DUPLICATE_METHOD_MATCH = YES;
				COPY_PHASE_STRIP = NO;
				DEBUG_INFORMATION_FORMAT = dwarf;
				ENABLE_STRICT_OBJC_MSGSEND = YES;
				ENABLE_TESTABILITY = YES;
				GCC_C_LANGUAGE_STANDARD = gnu11;
				GCC_DYNAMIC_NO_PIC = NO;
				GCC_NO_COMMON_BLOCKS = YES;
				GCC_OPTIMIZATION_LEVEL = 0;
				GCC_PREPROCESSOR_DEFINITIONS = (
					"DEBUG=1",
					"$(inherited)",
				);
				GCC_WARN_64_TO_32_BIT_CONVERSION = YES;
				GCC_WARN_ABOUT_RETURN_TYPE = YES_ERROR;
				GCC_WARN_UNDECLARED_SELECTOR = YES;
				GCC_WARN_UNINITIALIZED_AUTOS = YES_AGGRESSIVE;
				GCC_WARN_UNUSED_FUNCTION = YES;
				GCC_WARN_UNUSED_VARIABLE = YES;
				IPHONEOS_DEPLOYMENT_TARGET = 14.0;
				MTL_ENABLE_DEBUG_INFO = INCLUDE_SOURCE;
				MTL_FAST_MATH = YES;
				ONLY_ACTIVE_ARCH = YES;
				SDKROOT = iphoneos;
				SWIFT_ACTIVE_COMPILATION_CONDITIONS = DEBUG;
				SWIFT_OPTIMIZATION_LEVEL = "-Onone";
			};
			name = Debug;
		};
		A72B419F24C915A900E6901A /* Release */ = {
			isa = XCBuildConfiguration;
			buildSettings = {
				ALWAYS_SEARCH_USER_PATHS = NO;
				CLANG_ANALYZER_NONNULL = YES;
				CLANG_ANALYZER_NUMBER_OBJECT_CONVERSION = YES_AGGRESSIVE;
				CLANG_CXX_LANGUAGE_STANDARD = "gnu++14";
				CLANG_CXX_LIBRARY = "libc++";
				CLANG_ENABLE_MODULES = YES;
				CLANG_ENABLE_OBJC_ARC = YES;
				CLANG_ENABLE_OBJC_WEAK = YES;
				CLANG_WARN_BLOCK_CAPTURE_AUTORELEASING = YES;
				CLANG_WARN_BOOL_CONVERSION = YES;
				CLANG_WARN_COMMA = YES;
				CLANG_WARN_CONSTANT_CONVERSION = YES;
				CLANG_WARN_DEPRECATED_OBJC_IMPLEMENTATIONS = YES;
				CLANG_WARN_DIRECT_OBJC_ISA_USAGE = YES_ERROR;
				CLANG_WARN_DOCUMENTATION_COMMENTS = YES;
				CLANG_WARN_EMPTY_BODY = YES;
				CLANG_WARN_ENUM_CONVERSION = YES;
				CLANG_WARN_INFINITE_RECURSION = YES;
				CLANG_WARN_INT_CONVERSION = YES;
				CLANG_WARN_NON_LITERAL_NULL_CONVERSION = YES;
				CLANG_WARN_OBJC_IMPLICIT_RETAIN_SELF = YES;
				CLANG_WARN_OBJC_LITERAL_CONVERSION = YES;
				CLANG_WARN_OBJC_ROOT_CLASS = YES_ERROR;
				CLANG_WARN_QUOTED_INCLUDE_IN_FRAMEWORK_HEADER = YES;
				CLANG_WARN_RANGE_LOOP_ANALYSIS = YES;
				CLANG_WARN_STRICT_PROTOTYPES = YES;
				CLANG_WARN_SUSPICIOUS_MOVE = YES;
				CLANG_WARN_UNGUARDED_AVAILABILITY = YES_AGGRESSIVE;
				CLANG_WARN_UNREACHABLE_CODE = YES;
				CLANG_WARN__DUPLICATE_METHOD_MATCH = YES;
				COPY_PHASE_STRIP = NO;
				DEBUG_INFORMATION_FORMAT = "dwarf-with-dsym";
				ENABLE_NS_ASSERTIONS = NO;
				ENABLE_STRICT_OBJC_MSGSEND = YES;
				GCC_C_LANGUAGE_STANDARD = gnu11;
				GCC_NO_COMMON_BLOCKS = YES;
				GCC_WARN_64_TO_32_BIT_CONVERSION = YES;
				GCC_WARN_ABOUT_RETURN_TYPE = YES_ERROR;
				GCC_WARN_UNDECLARED_SELECTOR = YES;
				GCC_WARN_UNINITIALIZED_AUTOS = YES_AGGRESSIVE;
				GCC_WARN_UNUSED_FUNCTION = YES;
				GCC_WARN_UNUSED_VARIABLE = YES;
				IPHONEOS_DEPLOYMENT_TARGET = 14.0;
				MTL_ENABLE_DEBUG_INFO = NO;
				MTL_FAST_MATH = YES;
				SDKROOT = iphoneos;
				SWIFT_COMPILATION_MODE = wholemodule;
				SWIFT_OPTIMIZATION_LEVEL = "-O";
				VALIDATE_PRODUCT = YES;
			};
			name = Release;
		};
		A72B41A124C915A900E6901A /* Debug */ = {
			isa = XCBuildConfiguration;
			buildSettings = {
				ASSETCATALOG_COMPILER_APPICON_NAME = AppIcon;
				ASSETCATALOG_COMPILER_GLOBAL_ACCENT_COLOR_NAME = AccentColor;
				CODE_SIGN_STYLE = Automatic;
				DEVELOPMENT_ASSET_PATHS = "\"UI-FitnessDiariesApp/Preview Content\"";
				DEVELOPMENT_TEAM = 37ERUH9595;
				ENABLE_PREVIEWS = YES;
				INFOPLIST_FILE = "UI-FitnessDiariesApp/Info.plist";
				IPHONEOS_DEPLOYMENT_TARGET = 14.0;
				LD_RUNPATH_SEARCH_PATHS = (
					"$(inherited)",
					"@executable_path/Frameworks",
				);
				PRODUCT_BUNDLE_IDENTIFIER = "com.projectd.UI-FitnessDiariesApp";
				PRODUCT_NAME = "$(TARGET_NAME)";
				SWIFT_VERSION = 5.0;
				TARGETED_DEVICE_FAMILY = "1,2";
			};
			name = Debug;
		};
		A72B41A224C915A900E6901A /* Release */ = {
			isa = XCBuildConfiguration;
			buildSettings = {
				ASSETCATALOG_COMPILER_APPICON_NAME = AppIcon;
				ASSETCATALOG_COMPILER_GLOBAL_ACCENT_COLOR_NAME = AccentColor;
				CODE_SIGN_STYLE = Automatic;
				DEVELOPMENT_ASSET_PATHS = "\"UI-FitnessDiariesApp/Preview Content\"";
				DEVELOPMENT_TEAM = 37ERUH9595;
				ENABLE_PREVIEWS = YES;
				INFOPLIST_FILE = "UI-FitnessDiariesApp/Info.plist";
				IPHONEOS_DEPLOYMENT_TARGET = 14.0;
				LD_RUNPATH_SEARCH_PATHS = (
					"$(inherited)",
					"@executable_path/Frameworks",
				);
				PRODUCT_BUNDLE_IDENTIFIER = "com.projectd.UI-FitnessDiariesApp";
				PRODUCT_NAME = "$(TARGET_NAME)";
				SWIFT_VERSION = 5.0;
				TARGETED_DEVICE_FAMILY = "1,2";
			};
			name = Release;
		};
/* End XCBuildConfiguration section */

/* Begin XCConfigurationList section */
		A72B418C24C915A800E6901A /* Build configuration list for PBXProject "UI-FitnessDiariesApp" */ = {
			isa = XCConfigurationList;
			buildConfigurations = (
				A72B419E24C915A900E6901A /* Debug */,
				A72B419F24C915A900E6901A /* Release */,
			);
			defaultConfigurationIsVisible = 0;
			defaultConfigurationName = Release;
		};
		A72B41A024C915A900E6901A /* Build configuration list for PBXNativeTarget "UI-FitnessDiariesApp" */ = {
			isa = XCConfigurationList;
			buildConfigurations = (
				A72B41A124C915A900E6901A /* Debug */,
				A72B41A224C915A900E6901A /* Release */,
			);
			defaultConfigurationIsVisible = 0;
			defaultConfigurationName = Release;
		};
/* End XCConfigurationList section */
	};
	rootObject = A72B418924C915A800E6901A /* Project object */;
}
